
Microsoft Visual Studio Solution File, Format Version 12.00
# Visual Studio 15
VisualStudioVersion = 15.0.26124.0
MinimumVisualStudioVersion = 15.0.26124.0
Project("{2150E333-8FDC-42A3-9474-1A3956D46DE8}") = "src", "src", "{02BCB38D-4DF6-4C35-B247-A40EEAD0910B}"
EndProject
Project("{F2A71F9B-5D33-465A-A702-920D77279786}") = "SimpleConsoleApp", "src\SimpleConsoleApp\SimpleConsoleApp.fsproj", "{79C890BA-CC00-47E6-BCA8-127655D8E582}"
EndProject
Project("{F2A71F9B-5D33-465A-A702-920D77279786}") = "DataProcessing", "src\DataProcessing\DataProcessing.fsproj", "{35ABDD4C-9448-498F-A857-2ECCFE086C89}"
EndProject
Project("{F2A71F9B-5D33-465A-A702-920D77279786}") = "LargeDocuments", "src\LargeDocuments\LargeDocuments.fsproj", "{0C6C7D11-5418-4394-9BCA-45512FA31514}"
EndProject
Project("{F2A71F9B-5D33-465A-A702-920D77279786}") = "Parsing", "src\Parsing\Parsing.fsproj", "{117D9EE3-0E68-4877-9553-CFF11F329995}"
EndProject
Project("{F2A71F9B-5D33-465A-A702-920D77279786}") = "AsyncWorkflows", "src\AsyncWorkflows\AsyncWorkflows.fsproj", "{9A0E05E4-FD31-4BBE-AE29-66DE8292F8EB}"
EndProject
Global
	GlobalSection(SolutionConfigurationPlatforms) = preSolution
		Debug|Any CPU = Debug|Any CPU
		Debug|x64 = Debug|x64
		Debug|x86 = Debug|x86
		Release|Any CPU = Release|Any CPU
		Release|x64 = Release|x64
		Release|x86 = Release|x86
	EndGlobalSection
	GlobalSection(SolutionProperties) = preSolution
		HideSolutionNode = FALSE
	EndGlobalSection
	GlobalSection(ProjectConfigurationPlatforms) = postSolution
		{79C890BA-CC00-47E6-BCA8-127655D8E582}.Debug|Any CPU.ActiveCfg = Debug|Any CPU
		{79C890BA-CC00-47E6-BCA8-127655D8E582}.Debug|Any CPU.Build.0 = Debug|Any CPU
		{79C890BA-CC00-47E6-BCA8-127655D8E582}.Debug|x64.ActiveCfg = Debug|Any CPU
		{79C890BA-CC00-47E6-BCA8-127655D8E582}.Debug|x64.Build.0 = Debug|Any CPU
		{79C890BA-CC00-47E6-BCA8-127655D8E582}.Debug|x86.ActiveCfg = Debug|Any CPU
		{79C890BA-CC00-47E6-BCA8-127655D8E582}.Debug|x86.Build.0 = Debug|Any CPU
		{79C890BA-CC00-47E6-BCA8-127655D8E582}.Release|Any CPU.ActiveCfg = Release|Any CPU
		{79C890BA-CC00-47E6-BCA8-127655D8E582}.Release|Any CPU.Build.0 = Release|Any CPU
		{79C890BA-CC00-47E6-BCA8-127655D8E582}.Release|x64.ActiveCfg = Release|Any CPU
		{79C890BA-CC00-47E6-BCA8-127655D8E582}.Release|x64.Build.0 = Release|Any CPU
		{79C890BA-CC00-47E6-BCA8-127655D8E582}.Release|x86.ActiveCfg = Release|Any CPU
		{79C890BA-CC00-47E6-BCA8-127655D8E582}.Release|x86.Build.0 = Release|Any CPU
		{35ABDD4C-9448-498F-A857-2ECCFE086C89}.Debug|Any CPU.ActiveCfg = Debug|Any CPU
		{35ABDD4C-9448-498F-A857-2ECCFE086C89}.Debug|Any CPU.Build.0 = Debug|Any CPU
		{35ABDD4C-9448-498F-A857-2ECCFE086C89}.Debug|x64.ActiveCfg = Debug|Any CPU
		{35ABDD4C-9448-498F-A857-2ECCFE086C89}.Debug|x64.Build.0 = Debug|Any CPU
		{35ABDD4C-9448-498F-A857-2ECCFE086C89}.Debug|x86.ActiveCfg = Debug|Any CPU
		{35ABDD4C-9448-498F-A857-2ECCFE086C89}.Debug|x86.Build.0 = Debug|Any CPU
		{35ABDD4C-9448-498F-A857-2ECCFE086C89}.Release|Any CPU.ActiveCfg = Release|Any CPU
		{35ABDD4C-9448-498F-A857-2ECCFE086C89}.Release|Any CPU.Build.0 = Release|Any CPU
		{35ABDD4C-9448-498F-A857-2ECCFE086C89}.Release|x64.ActiveCfg = Release|Any CPU
		{35ABDD4C-9448-498F-A857-2ECCFE086C89}.Release|x64.Build.0 = Release|Any CPU
		{35ABDD4C-9448-498F-A857-2ECCFE086C89}.Release|x86.ActiveCfg = Release|Any CPU
		{35ABDD4C-9448-498F-A857-2ECCFE086C89}.Release|x86.Build.0 = Release|Any CPU
		{0C6C7D11-5418-4394-9BCA-45512FA31514}.Debug|Any CPU.ActiveCfg = Debug|Any CPU
		{0C6C7D11-5418-4394-9BCA-45512FA31514}.Debug|Any CPU.Build.0 = Debug|Any CPU
		{0C6C7D11-5418-4394-9BCA-45512FA31514}.Debug|x64.ActiveCfg = Debug|Any CPU
		{0C6C7D11-5418-4394-9BCA-45512FA31514}.Debug|x64.Build.0 = Debug|Any CPU
		{0C6C7D11-5418-4394-9BCA-45512FA31514}.Debug|x86.ActiveCfg = Debug|Any CPU
		{0C6C7D11-5418-4394-9BCA-45512FA31514}.Debug|x86.Build.0 = Debug|Any CPU
		{0C6C7D11-5418-4394-9BCA-45512FA31514}.Release|Any CPU.ActiveCfg = Release|Any CPU
		{0C6C7D11-5418-4394-9BCA-45512FA31514}.Release|Any CPU.Build.0 = Release|Any CPU
		{0C6C7D11-5418-4394-9BCA-45512FA31514}.Release|x64.ActiveCfg = Release|Any CPU
		{0C6C7D11-5418-4394-9BCA-45512FA31514}.Release|x64.Build.0 = Release|Any CPU
		{0C6C7D11-5418-4394-9BCA-45512FA31514}.Release|x86.ActiveCfg = Release|Any CPU
		{0C6C7D11-5418-4394-9BCA-45512FA31514}.Release|x86.Build.0 = Release|Any CPU
		{117D9EE3-0E68-4877-9553-CFF11F329995}.Debug|Any CPU.ActiveCfg = Debug|Any CPU
		{117D9EE3-0E68-4877-9553-CFF11F329995}.Debug|Any CPU.Build.0 = Debug|Any CPU
		{117D9EE3-0E68-4877-9553-CFF11F329995}.Debug|x64.ActiveCfg = Debug|Any CPU
		{117D9EE3-0E68-4877-9553-CFF11F329995}.Debug|x64.Build.0 = Debug|Any CPU
		{117D9EE3-0E68-4877-9553-CFF11F329995}.Debug|x86.ActiveCfg = Debug|Any CPU
		{117D9EE3-0E68-4877-9553-CFF11F329995}.Debug|x86.Build.0 = Debug|Any CPU
		{117D9EE3-0E68-4877-9553-CFF11F329995}.Release|Any CPU.ActiveCfg = Release|Any CPU
		{117D9EE3-0E68-4877-9553-CFF11F329995}.Release|Any CPU.Build.0 = Release|Any CPU
		{117D9EE3-0E68-4877-9553-CFF11F329995}.Release|x64.ActiveCfg = Release|Any CPU
		{117D9EE3-0E68-4877-9553-CFF11F329995}.Release|x64.Build.0 = Release|Any CPU
		{117D9EE3-0E68-4877-9553-CFF11F329995}.Release|x86.ActiveCfg = Release|Any CPU
		{117D9EE3-0E68-4877-9553-CFF11F329995}.Release|x86.Build.0 = Release|Any CPU
		{9A0E05E4-FD31-4BBE-AE29-66DE8292F8EB}.Debug|Any CPU.ActiveCfg = Debug|Any CPU
		{9A0E05E4-FD31-4BBE-AE29-66DE8292F8EB}.Debug|Any CPU.Build.0 = Debug|Any CPU
		{9A0E05E4-FD31-4BBE-AE29-66DE8292F8EB}.Debug|x64.ActiveCfg = Debug|Any CPU
		{9A0E05E4-FD31-4BBE-AE29-66DE8292F8EB}.Debug|x64.Build.0 = Debug|Any CPU
		{9A0E05E4-FD31-4BBE-AE29-66DE8292F8EB}.Debug|x86.ActiveCfg = Debug|Any CPU
		{9A0E05E4-FD31-4BBE-AE29-66DE8292F8EB}.Debug|x86.Build.0 = Debug|Any CPU
		{9A0E05E4-FD31-4BBE-AE29-66DE8292F8EB}.Release|Any CPU.ActiveCfg = Release|Any CPU
		{9A0E05E4-FD31-4BBE-AE29-66DE8292F8EB}.Release|Any CPU.Build.0 = Release|Any CPU
		{9A0E05E4-FD31-4BBE-AE29-66DE8292F8EB}.Release|x64.ActiveCfg = Release|Any CPU
		{9A0E05E4-FD31-4BBE-AE29-66DE8292F8EB}.Release|x64.Build.0 = Release|Any CPU
		{9A0E05E4-FD31-4BBE-AE29-66DE8292F8EB}.Release|x86.ActiveCfg = Release|Any CPU
		{9A0E05E4-FD31-4BBE-AE29-66DE8292F8EB}.Release|x86.Build.0 = Release|Any CPU
	EndGlobalSection
	GlobalSection(NestedProjects) = preSolution
		{79C890BA-CC00-47E6-BCA8-127655D8E582} = {02BCB38D-4DF6-4C35-B247-A40EEAD0910B}
		{35ABDD4C-9448-498F-A857-2ECCFE086C89} = {02BCB38D-4DF6-4C35-B247-A40EEAD0910B}
		{0C6C7D11-5418-4394-9BCA-45512FA31514} = {02BCB38D-4DF6-4C35-B247-A40EEAD0910B}
		{117D9EE3-0E68-4877-9553-CFF11F329995} = {02BCB38D-4DF6-4C35-B247-A40EEAD0910B}
		{9A0E05E4-FD31-4BBE-AE29-66DE8292F8EB} = {02BCB38D-4DF6-4C35-B247-A40EEAD0910B}
	EndGlobalSection
EndGlobal
